{
  "name": "@schoero/eslint-config",
  "version": "1.8.1",
  "lockfileVersion": 1,
  "requires": true,
  "dependencies": {
    "eslint-plugin-simple-import-sort": {
      "version": "8.0.0",
      "resolved": "https://registry.npmjs.org/eslint-plugin-simple-import-sort/-/eslint-plugin-simple-import-sort-8.0.0.tgz",
      "integrity": "sha512-bXgJQ+lqhtQBCuWY/FUWdB27j4+lqcvXv5rUARkzbeWLwea+S5eBZEQrhnO+WgX3ZoJHVj0cn943iyXwByHHQw==",
      "dev": true
    }
  }
}
